
Microsoft Visual Studio Solution File, Format Version 12.00
# Visual Studio Version 17
VisualStudioVersion = 17.8.34330.188
MinimumVisualStudioVersion = 10.0.40219.1
Project("{FAE04EC0-301F-11D3-BF4B-00C04F79EFBC}") = "Improved_ApiQuiz", "Improved_ApiQuiz\Improved_ApiQuiz.csproj", "{21CA4602-D070-494E-A1A1-4D58DAFD414C}"
EndProject
Global
	GlobalSection(SolutionConfigurationPlatforms) = preSolution
		Debug|Any CPU = Debug|Any CPU
		Release|Any CPU = Release|Any CPU
	EndGlobalSection
	GlobalSection(ProjectConfigurationPlatforms) = postSolution
		{21CA4602-D070-494E-A1A1-4D58DAFD414C}.Debug|Any CPU.ActiveCfg = Debug|Any CPU
		{21CA4602-D070-494E-A1A1-4D58DAFD414C}.Debug|Any CPU.Build.0 = Debug|Any CPU
		{21CA4602-D070-494E-A1A1-4D58DAFD414C}.Release|Any CPU.ActiveCfg = Release|Any CPU
		{21CA4602-D070-494E-A1A1-4D58DAFD414C}.Release|Any CPU.Build.0 = Release|Any CPU
	EndGlobalSection
	GlobalSection(SolutionProperties) = preSolution
		HideSolutionNode = FALSE
	EndGlobalSection
	GlobalSection(ExtensibilityGlobals) = postSolution
		SolutionGuid = {68BCA836-F779-4B72-8383-270616AEC7F6}
	EndGlobalSection
EndGlobal
